// !$*UTF8*$!
{
	archiveVersion = 1;
	classes = {
	};
	objectVersion = 77;
	objects = {

/* Begin PBXBuildFile section */
		15A4FAC32DCEC852009DC9A3 /* README.md in Resources */ = {isa = PBXBuildFile; fileRef = 15A4FAC22DCEC852009DC9A3 /* README.md */; };
/* End PBXBuildFile section */

/* Begin PBXContainerItemProxy section */
		15A4FA9A2DCDBEFF009DC9A3 /* PBXContainerItemProxy */ = {
			isa = PBXContainerItemProxy;
			containerPortal = 15A4FA842DCDBEFD009DC9A3 /* Project object */;
			proxyType = 1;
			remoteGlobalIDString = 15A4FA8B2DCDBEFD009DC9A3;
			remoteInfo = ShopSight;
		};
		15A4FAA42DCDBEFF009DC9A3 /* PBXContainerItemProxy */ = {
			isa = PBXContainerItemProxy;
			containerPortal = 15A4FA842DCDBEFD009DC9A3 /* Project object */;
			proxyType = 1;
			remoteGlobalIDString = 15A4FA8B2DCDBEFD009DC9A3;
			remoteInfo = ShopSight;
		};
/* End PBXContainerItemProxy section */

/* Begin PBXFileReference section */
		15A4FA8C2DCDBEFD009DC9A3 /* ShopSight.app */ = {isa = PBXFileReference; explicitFileType = wrapper.application; includeInIndex = 0; path = ShopSight.app; sourceTree = BUILT_PRODUCTS_DIR; };
		15A4FA992DCDBEFF009DC9A3 /* ShopSightTests.xctest */ = {isa = PBXFileReference; explicitFileType = wrapper.cfbundle; includeInIndex = 0; path = ShopSightTests.xctest; sourceTree = BUILT_PRODUCTS_DIR; };
		15A4FAA32DCDBEFF009DC9A3 /* ShopSightUITests.xctest */ = {isa = PBXFileReference; explicitFileType = wrapper.cfbundle; includeInIndex = 0; path = ShopSightUITests.xctest; sourceTree = BUILT_PRODUCTS_DIR; };
		15A4FAC22DCEC852009DC9A3 /* README.md */ = {isa = PBXFileReference; lastKnownFileType = net.daringfireball.markdown; path = README.md; sourceTree = "<group>"; };
/* End PBXFileReference section */

/* Begin PBXFileSystemSynchronizedRootGroup section */
		15A4FA8E2DCDBEFD009DC9A3 /* ShopSight */ = {
			isa = PBXFileSystemSynchronizedRootGroup;
			path = ShopSight;
			sourceTree = "<group>";
		};
		15A4FA9C2DCDBEFF009DC9A3 /* ShopSightTests */ = {
			isa = PBXFileSystemSynchronizedRootGroup;
			path = ShopSightTests;
			sourceTree = "<group>";
		};
		15A4FAA62DCDBEFF009DC9A3 /* ShopSightUITests */ = {
			isa = PBXFileSystemSynchronizedRootGroup;
			path = ShopSightUITests;
			sourceTree = "<group>";
		};
/* End PBXFileSystemSynchronizedRootGroup section */

/* Begin PBXFrameworksBuildPhase section */
		15A4FA892DCDBEFD009DC9A3 /* Frameworks */ = {
			isa = PBXFrameworksBuildPhase;
			buildActionMask = 2147483647;
			files = (
			);
			runOnlyForDeploymentPostprocessing = 0;
		};
		15A4FA962DCDBEFF009DC9A3 /* Frameworks */ = {
			isa = PBXFrameworksBuildPhase;
			buildActionMask = 2147483647;
			files = (
			);
			runOnlyForDeploymentPostprocessing = 0;
		};
		15A4FAA02DCDBEFF009DC9A3 /* Frameworks */ = {
			isa = PBXFrameworksBuildPhase;
			buildActionMask = 2147483647;
			files = (
			);
			runOnlyForDeploymentPostprocessing = 0;
		};
/* End PBXFrameworksBuildPhase section */

/* Begin PBXGroup section */
		15A4FA832DCDBEFD009DC9A3 = {
			isa = PBXGroup;
			children = (
				15A4FAC22DCEC852009DC9A3 /* README.md */,
				15A4FA8E2DCDBEFD009DC9A3 /* ShopSight */,
				15A4FA9C2DCDBEFF009DC9A3 /* ShopSightTests */,
				15A4FAA62DCDBEFF009DC9A3 /* ShopSightUITests */,
				15A4FA8D2DCDBEFD009DC9A3 /* Products */,
			);
			sourceTree = "<group>";
		};
		15A4FA8D2DCDBEFD009DC9A3 /* Products */ = {
			isa = PBXGroup;
			children = (
				15A4FA8C2DCDBEFD009DC9A3 /* ShopSight.app */,
				15A4FA992DCDBEFF009DC9A3 /* ShopSightTests.xctest */,
				15A4FAA32DCDBEFF009DC9A3 /* ShopSightUITests.xctest */,
			);
			name = Products;
			sourceTree = "<group>";
		};
/* End PBXGroup section */

/* Begin PBXNativeTarget section */
		15A4FA8B2DCDBEFD009DC9A3 /* ShopSight */ = {
			isa = PBXNativeTarget;
			buildConfigurationList = 15A4FAAD2DCDBEFF009DC9A3 /* Build configuration list for PBXNativeTarget "ShopSight" */;
			buildPhases = (
				15A4FA882DCDBEFD009DC9A3 /* Sources */,
				15A4FA892DCDBEFD009DC9A3 /* Frameworks */,
				15A4FA8A2DCDBEFD009DC9A3 /* Resources */,
			);
			buildRules = (
			);
			dependencies = (
			);
			fileSystemSynchronizedGroups = (
				15A4FA8E2DCDBEFD009DC9A3 /* ShopSight */,
			);
			name = ShopSight;
			packageProductDependencies = (
			);
			productName = ShopSight;
			productReference = 15A4FA8C2DCDBEFD009DC9A3 /* ShopSight.app */;
			productType = "com.apple.product-type.application";
		};
		15A4FA982DCDBEFF009DC9A3 /* ShopSightTests */ = {
			isa = PBXNativeTarget;
			buildConfigurationList = 15A4FAB02DCDBEFF009DC9A3 /* Build configuration list for PBXNativeTarget "ShopSightTests" */;
			buildPhases = (
				15A4FA952DCDBEFF009DC9A3 /* Sources */,
				15A4FA962DCDBEFF009DC9A3 /* Frameworks */,
				15A4FA972DCDBEFF009DC9A3 /* Resources */,
			);
			buildRules = (
			);
			dependencies = (
				15A4FA9B2DCDBEFF009DC9A3 /* PBXTargetDependency */,
			);
			fileSystemSynchronizedGroups = (
				15A4FA9C2DCDBEFF009DC9A3 /* ShopSightTests */,
			);
			name = ShopSightTests;
			packageProductDependencies = (
			);
			productName = ShopSightTests;
			productReference = 15A4FA992DCDBEFF009DC9A3 /* ShopSightTests.xctest */;
			productType = "com.apple.product-type.bundle.unit-test";
		};
		15A4FAA22DCDBEFF009DC9A3 /* ShopSightUITests */ = {
			isa = PBXNativeTarget;
			buildConfigurationList = 15A4FAB32DCDBEFF009DC9A3 /* Build configuration list for PBXNativeTarget "ShopSightUITests" */;
			buildPhases = (
				15A4FA9F2DCDBEFF009DC9A3 /* Sources */,
				15A4FAA02DCDBEFF009DC9A3 /* Frameworks */,
				15A4FAA12DCDBEFF009DC9A3 /* Resources */,
			);
			buildRules = (
			);
			dependencies = (
				15A4FAA52DCDBEFF009DC9A3 /* PBXTargetDependency */,
			);
			fileSystemSynchronizedGroups = (
				15A4FAA62DCDBEFF009DC9A3 /* ShopSightUITests */,
			);
			name = ShopSightUITests;
			packageProductDependencies = (
			);
			productName = ShopSightUITests;
			productReference = 15A4FAA32DCDBEFF009DC9A3 /* ShopSightUITests.xctest */;
			productType = "com.apple.product-type.bundle.ui-testing";
		};
/* End PBXNativeTarget section */

/* Begin PBXProject section */
		15A4FA842DCDBEFD009DC9A3 /* Project object */ = {
			isa = PBXProject;
			attributes = {
				BuildIndependentTargetsInParallel = 1;
				LastSwiftUpdateCheck = 1630;
				LastUpgradeCheck = 1630;
				TargetAttributes = {
					15A4FA8B2DCDBEFD009DC9A3 = {
						CreatedOnToolsVersion = 16.3;
					};
					15A4FA982DCDBEFF009DC9A3 = {
						CreatedOnToolsVersion = 16.3;
						TestTargetID = 15A4FA8B2DCDBEFD009DC9A3;
					};
					15A4FAA22DCDBEFF009DC9A3 = {
						CreatedOnToolsVersion = 16.3;
						TestTargetID = 15A4FA8B2DCDBEFD009DC9A3;
					};
				};
			};
			buildConfigurationList = 15A4FA872DCDBEFD009DC9A3 /* Build configuration list for PBXProject "ShopSight" */;
			developmentRegion = en;
			hasScannedForEncodings = 0;
			knownRegions = (
				en,
				Base,
			);
			mainGroup = 15A4FA832DCDBEFD009DC9A3;
			minimizedProjectReferenceProxies = 1;
			preferredProjectObjectVersion = 77;
			productRefGroup = 15A4FA8D2DCDBEFD009DC9A3 /* Products */;
			projectDirPath = "";
			projectRoot = "";
			targets = (
				15A4FA8B2DCDBEFD009DC9A3 /* ShopSight */,
				15A4FA982DCDBEFF009DC9A3 /* ShopSightTests */,
				15A4FAA22DCDBEFF009DC9A3 /* ShopSightUITests */,
			);
		};
/* End PBXProject section */

/* Begin PBXResourcesBuildPhase section */
		15A4FA8A2DCDBEFD009DC9A3 /* Resources */ = {
			isa = PBXResourcesBuildPhase;
			buildActionMask = 2147483647;
			files = (
				15A4FAC32DCEC852009DC9A3 /* README.md in Resources */,
			);
			runOnlyForDeploymentPostprocessing = 0;
		};
		15A4FA972DCDBEFF009DC9A3 /* Resources */ = {
			isa = PBXResourcesBuildPhase;
			buildActionMask = 2147483647;
			files = (
			);
			runOnlyForDeploymentPostprocessing = 0;
		};
		15A4FAA12DCDBEFF009DC9A3 /* Resources */ = {
			isa = PBXResourcesBuildPhase;
			buildActionMask = 2147483647;
			files = (
			);
			runOnlyForDeploymentPostprocessing = 0;
		};
/* End PBXResourcesBuildPhase section */

/* Begin PBXSourcesBuildPhase section */
		15A4FA882DCDBEFD009DC9A3 /* Sources */ = {
			isa = PBXSourcesBuildPhase;
			buildActionMask = 2147483647;
			files = (
			);
			runOnlyForDeploymentPostprocessing = 0;
		};
		15A4FA952DCDBEFF009DC9A3 /* Sources */ = {
			isa = PBXSourcesBuildPhase;
			buildActionMask = 2147483647;
			files = (
			);
			runOnlyForDeploymentPostprocessing = 0;
		};
		15A4FA9F2DCDBEFF009DC9A3 /* Sources */ = {
			isa = PBXSourcesBuildPhase;
			buildActionMask = 2147483647;
			files = (
			);
			runOnlyForDeploymentPostprocessing = 0;
		};
/* End PBXSourcesBuildPhase section */

/* Begin PBXTargetDependency section */
		15A4FA9B2DCDBEFF009DC9A3 /* PBXTargetDependency */ = {
			isa = PBXTargetDependency;
			target = 15A4FA8B2DCDBEFD009DC9A3 /* ShopSight */;
			targetProxy = 15A4FA9A2DCDBEFF009DC9A3 /* PBXContainerItemProxy */;
		};
		15A4FAA52DCDBEFF009DC9A3 /* PBXTargetDependency */ = {
			isa = PBXTargetDependency;
			target = 15A4FA8B2DCDBEFD009DC9A3 /* ShopSight */;
			targetProxy = 15A4FAA42DCDBEFF009DC9A3 /* PBXContainerItemProxy */;
		};
/* End PBXTargetDependency section */

/* Begin XCBuildConfiguration section */
		15A4FAAB2DCDBEFF009DC9A3 /* Debug */ = {
			isa = XCBuildConfiguration;
			buildSettings = {
				ALWAYS_SEARCH_USER_PATHS = NO;
				ASSETCATALOG_COMPILER_GENERATE_SWIFT_ASSET_SYMBOL_EXTENSIONS = YES;
				CLANG_ANALYZER_NONNULL = YES;
				CLANG_ANALYZER_NUMBER_OBJECT_CONVERSION = YES_AGGRESSIVE;
				CLANG_CXX_LANGUAGE_STANDARD = "gnu++20";
				CLANG_ENABLE_MODULES = YES;
				CLANG_ENABLE_OBJC_ARC = YES;
				CLANG_ENABLE_OBJC_WEAK = YES;
				CLANG_WARN_BLOCK_CAPTURE_AUTORELEASING = YES;
				CLANG_WARN_BOOL_CONVERSION = YES;
				CLANG_WARN_COMMA = YES;
				CLANG_WARN_CONSTANT_CONVERSION = YES;
				CLANG_WARN_DEPRECATED_OBJC_IMPLEMENTATIONS = YES;
				CLANG_WARN_DIRECT_OBJC_ISA_USAGE = YES_ERROR;
				CLANG_WARN_DOCUMENTATION_COMMENTS = YES;
				CLANG_WARN_EMPTY_BODY = YES;
				CLANG_WARN_ENUM_CONVERSION = YES;
				CLANG_WARN_INFINITE_RECURSION = YES;
				CLANG_WARN_INT_CONVERSION = YES;
				CLANG_WARN_NON_LITERAL_NULL_CONVERSION = YES;
				CLANG_WARN_OBJC_IMPLICIT_RETAIN_SELF = YES;
				CLANG_WARN_OBJC_LITERAL_CONVERSION = YES;
				CLANG_WARN_OBJC_ROOT_CLASS = YES_ERROR;
				CLANG_WARN_QUOTED_INCLUDE_IN_FRAMEWORK_HEADER = YES;
				CLANG_WARN_RANGE_LOOP_ANALYSIS = YES;
				CLANG_WARN_STRICT_PROTOTYPES = YES;
				CLANG_WARN_SUSPICIOUS_MOVE = YES;
				CLANG_WARN_UNGUARDED_AVAILABILITY = YES_AGGRESSIVE;
				CLANG_WARN_UNREACHABLE_CODE = YES;
				CLANG_WARN__DUPLICATE_METHOD_MATCH = YES;
				COPY_PHASE_STRIP = NO;
				DEBUG_INFORMATION_FORMAT = dwarf;
				ENABLE_STRICT_OBJC_MSGSEND = YES;
				ENABLE_TESTABILITY = YES;
				ENABLE_USER_SCRIPT_SANDBOXING = YES;
				GCC_C_LANGUAGE_STANDARD = gnu17;
				GCC_DYNAMIC_NO_PIC = NO;
				GCC_NO_COMMON_BLOCKS = YES;
				GCC_OPTIMIZATION_LEVEL = 0;
				GCC_PREPROCESSOR_DEFINITIONS = (
					"DEBUG=1",
					"$(inherited)",
				);
				GCC_WARN_64_TO_32_BIT_CONVERSION = YES;
				GCC_WARN_ABOUT_RETURN_TYPE = YES_ERROR;
				GCC_WARN_UNDECLARED_SELECTOR = YES;
				GCC_WARN_UNINITIALIZED_AUTOS = YES_AGGRESSIVE;
				GCC_WARN_UNUSED_FUNCTION = YES;
				GCC_WARN_UNUSED_VARIABLE = YES;
				IPHONEOS_DEPLOYMENT_TARGET = 18.4;
				LOCALIZATION_PREFERS_STRING_CATALOGS = YES;
				MTL_ENABLE_DEBUG_INFO = INCLUDE_SOURCE;
				MTL_FAST_MATH = YES;
				ONLY_ACTIVE_ARCH = YES;
				SDKROOT = iphoneos;
				SWIFT_ACTIVE_COMPILATION_CONDITIONS = "DEBUG $(inherited)";
				SWIFT_OPTIMIZATION_LEVEL = "-Onone";
			};
			name = Debug;
		};
		15A4FAAC2DCDBEFF009DC9A3 /* Release */ = {
			isa = XCBuildConfiguration;
			buildSettings = {
				ALWAYS_SEARCH_USER_PATHS = NO;
				ASSETCATALOG_COMPILER_GENERATE_SWIFT_ASSET_SYMBOL_EXTENSIONS = YES;
				CLANG_ANALYZER_NONNULL = YES;
				CLANG_ANALYZER_NUMBER_OBJECT_CONVERSION = YES_AGGRESSIVE;
				CLANG_CXX_LANGUAGE_STANDARD = "gnu++20";
				CLANG_ENABLE_MODULES = YES;
				CLANG_ENABLE_OBJC_ARC = YES;
				CLANG_ENABLE_OBJC_WEAK = YES;
				CLANG_WARN_BLOCK_CAPTURE_AUTORELEASING = YES;
				CLANG_WARN_BOOL_CONVERSION = YES;
				CLANG_WARN_COMMA = YES;
				CLANG_WARN_CONSTANT_CONVERSION = YES;
				CLANG_WARN_DEPRECATED_OBJC_IMPLEMENTATIONS = YES;
				CLANG_WARN_DIRECT_OBJC_ISA_USAGE = YES_ERROR;
				CLANG_WARN_DOCUMENTATION_COMMENTS = YES;
				CLANG_WARN_EMPTY_BODY = YES;
				CLANG_WARN_ENUM_CONVERSION = YES;
				CLANG_WARN_INFINITE_RECURSION = YES;
				CLANG_WARN_INT_CONVERSION = YES;
				CLANG_WARN_NON_LITERAL_NULL_CONVERSION = YES;
				CLANG_WARN_OBJC_IMPLICIT_RETAIN_SELF = YES;
				CLANG_WARN_OBJC_LITERAL_CONVERSION = YES;
				CLANG_WARN_OBJC_ROOT_CLASS = YES_ERROR;
				CLANG_WARN_QUOTED_INCLUDE_IN_FRAMEWORK_HEADER = YES;
				CLANG_WARN_RANGE_LOOP_ANALYSIS = YES;
				CLANG_WARN_STRICT_PROTOTYPES = YES;
				CLANG_WARN_SUSPICIOUS_MOVE = YES;
				CLANG_WARN_UNGUARDED_AVAILABILITY = YES_AGGRESSIVE;
				CLANG_WARN_UNREACHABLE_CODE = YES;
				CLANG_WARN__DUPLICATE_METHOD_MATCH = YES;
				COPY_PHASE_STRIP = NO;
				DEBUG_INFORMATION_FORMAT = "dwarf-with-dsym";
				ENABLE_NS_ASSERTIONS = NO;
				ENABLE_STRICT_OBJC_MSGSEND = YES;
				ENABLE_USER_SCRIPT_SANDBOXING = YES;
				GCC_C_LANGUAGE_STANDARD = gnu17;
				GCC_NO_COMMON_BLOCKS = YES;
				GCC_WARN_64_TO_32_BIT_CONVERSION = YES;
				GCC_WARN_ABOUT_RETURN_TYPE = YES_ERROR;
				GCC_WARN_UNDECLARED_SELECTOR = YES;
				GCC_WARN_UNINITIALIZED_AUTOS = YES_AGGRESSIVE;
				GCC_WARN_UNUSED_FUNCTION = YES;
				GCC_WARN_UNUSED_VARIABLE = YES;
				IPHONEOS_DEPLOYMENT_TARGET = 18.4;
				LOCALIZATION_PREFERS_STRING_CATALOGS = YES;
				MTL_ENABLE_DEBUG_INFO = NO;
				MTL_FAST_MATH = YES;
				SDKROOT = iphoneos;
				SWIFT_COMPILATION_MODE = wholemodule;
				VALIDATE_PRODUCT = YES;
			};
			name = Release;
		};
		15A4FAAE2DCDBEFF009DC9A3 /* Debug */ = {
			isa = XCBuildConfiguration;
			buildSettings = {
				ASSETCATALOG_COMPILER_APPICON_NAME = AppIcon;
				ASSETCATALOG_COMPILER_GLOBAL_ACCENT_COLOR_NAME = AccentColor;
				CODE_SIGN_STYLE = Automatic;
				CURRENT_PROJECT_VERSION = 1;
				ENABLE_PREVIEWS = YES;
				GENERATE_INFOPLIST_FILE = YES;
				INFOPLIST_KEY_UIApplicationSceneManifest_Generation = YES;
				INFOPLIST_KEY_UIApplicationSupportsIndirectInputEvents = YES;
				INFOPLIST_KEY_UILaunchScreen_Generation = YES;
				INFOPLIST_KEY_UISupportedInterfaceOrientations_iPad = "UIInterfaceOrientationPortrait UIInterfaceOrientationPortraitUpsideDown UIInterfaceOrientationLandscapeLeft UIInterfaceOrientationLandscapeRight";
				INFOPLIST_KEY_UISupportedInterfaceOrientations_iPhone = "UIInterfaceOrientationPortrait UIInterfaceOrientationLandscapeLeft UIInterfaceOrientationLandscapeRight";
				LD_RUNPATH_SEARCH_PATHS = (
					"$(inherited)",
					"@executable_path/Frameworks",
				);
				MARKETING_VERSION = 1.0;
				PRODUCT_BUNDLE_IDENTIFIER = com.ericwang.ShopSight;
				PRODUCT_NAME = "$(TARGET_NAME)";
				SWIFT_EMIT_LOC_STRINGS = YES;
				SWIFT_VERSION = 5.0;
				TARGETED_DEVICE_FAMILY = "1,2";
			};
			name = Debug;
		};
		15A4FAAF2DCDBEFF009DC9A3 /* Release */ = {
			isa = XCBuildConfiguration;
			buildSettings = {
				ASSETCATALOG_COMPILER_APPICON_NAME = AppIcon;
				ASSETCATALOG_COMPILER_GLOBAL_ACCENT_COLOR_NAME = AccentColor;
				CODE_SIGN_STYLE = Automatic;
				CURRENT_PROJECT_VERSION = 1;
				ENABLE_PREVIEWS = YES;
				GENERATE_INFOPLIST_FILE = YES;
				INFOPLIST_KEY_UIApplicationSceneManifest_Generation = YES;
				INFOPLIST_KEY_UIApplicationSupportsIndirectInputEvents = YES;
				INFOPLIST_KEY_UILaunchScreen_Generation = YES;
				INFOPLIST_KEY_UISupportedInterfaceOrientations_iPad = "UIInterfaceOrientationPortrait UIInterfaceOrientationPortraitUpsideDown UIInterfaceOrientationLandscapeLeft UIInterfaceOrientationLandscapeRight";
				INFOPLIST_KEY_UISupportedInterfaceOrientations_iPhone = "UIInterfaceOrientationPortrait UIInterfaceOrientationLandscapeLeft UIInterfaceOrientationLandscapeRight";
				LD_RUNPATH_SEARCH_PATHS = (
					"$(inherited)",
					"@executable_path/Frameworks",
				);
				MARKETING_VERSION = 1.0;
				PRODUCT_BUNDLE_IDENTIFIER = com.ericwang.ShopSight;
				PRODUCT_NAME = "$(TARGET_NAME)";
				SWIFT_EMIT_LOC_STRINGS = YES;
				SWIFT_VERSION = 5.0;
				TARGETED_DEVICE_FAMILY = "1,2";
			};
			name = Release;
		};
		15A4FAB12DCDBEFF009DC9A3 /* Debug */ = {
			isa = XCBuildConfiguration;
			buildSettings = {
				BUNDLE_LOADER = "$(TEST_HOST)";
				CODE_SIGN_STYLE = Automatic;
				CURRENT_PROJECT_VERSION = 1;
				GENERATE_INFOPLIST_FILE = YES;
				IPHONEOS_DEPLOYMENT_TARGET = 18.4;
				MARKETING_VERSION = 1.0;
				PRODUCT_BUNDLE_IDENTIFIER = com.ericwang.ShopSightTests;
				PRODUCT_NAME = "$(TARGET_NAME)";
				SWIFT_EMIT_LOC_STRINGS = NO;
				SWIFT_VERSION = 5.0;
				TARGETED_DEVICE_FAMILY = "1,2";
				TEST_HOST = "$(BUILT_PRODUCTS_DIR)/ShopSight.app/$(BUNDLE_EXECUTABLE_FOLDER_PATH)/ShopSight";
			};
			name = Debug;
		};
		15A4FAB22DCDBEFF009DC9A3 /* Release */ = {
			isa = XCBuildConfiguration;
			buildSettings = {
				BUNDLE_LOADER = "$(TEST_HOST)";
				CODE_SIGN_STYLE = Automatic;
				CURRENT_PROJECT_VERSION = 1;
				GENERATE_INFOPLIST_FILE = YES;
				IPHONEOS_DEPLOYMENT_TARGET = 18.4;
				MARKETING_VERSION = 1.0;
				PRODUCT_BUNDLE_IDENTIFIER = com.ericwang.ShopSightTests;
				PRODUCT_NAME = "$(TARGET_NAME)";
				SWIFT_EMIT_LOC_STRINGS = NO;
				SWIFT_VERSION = 5.0;
				TARGETED_DEVICE_FAMILY = "1,2";
				TEST_HOST = "$(BUILT_PRODUCTS_DIR)/ShopSight.app/$(BUNDLE_EXECUTABLE_FOLDER_PATH)/ShopSight";
			};
			name = Release;
		};
		15A4FAB42DCDBEFF009DC9A3 /* Debug */ = {
			isa = XCBuildConfiguration;
			buildSettings = {
				CODE_SIGN_STYLE = Automatic;
				CURRENT_PROJECT_VERSION = 1;
				GENERATE_INFOPLIST_FILE = YES;
				MARKETING_VERSION = 1.0;
				PRODUCT_BUNDLE_IDENTIFIER = com.ericwang.ShopSightUITests;
				PRODUCT_NAME = "$(TARGET_NAME)";
				SWIFT_EMIT_LOC_STRINGS = NO;
				SWIFT_VERSION = 5.0;
				TARGETED_DEVICE_FAMILY = "1,2";
				TEST_TARGET_NAME = ShopSight;
			};
			name = Debug;
		};
		15A4FAB52DCDBEFF009DC9A3 /* Release */ = {
			isa = XCBuildConfiguration;
			buildSettings = {
				CODE_SIGN_STYLE = Automatic;
				CURRENT_PROJECT_VERSION = 1;
				GENERATE_INFOPLIST_FILE = YES;
				MARKETING_VERSION = 1.0;
				PRODUCT_BUNDLE_IDENTIFIER = com.ericwang.ShopSightUITests;
				PRODUCT_NAME = "$(TARGET_NAME)";
				SWIFT_EMIT_LOC_STRINGS = NO;
				SWIFT_VERSION = 5.0;
				TARGETED_DEVICE_FAMILY = "1,2";
				TEST_TARGET_NAME = ShopSight;
			};
			name = Release;
		};
/* End XCBuildConfiguration section */

/* Begin XCConfigurationList section */
		15A4FA872DCDBEFD009DC9A3 /* Build configuration list for PBXProject "ShopSight" */ = {
			isa = XCConfigurationList;
			buildConfigurations = (
				15A4FAAB2DCDBEFF009DC9A3 /* Debug */,
				15A4FAAC2DCDBEFF009DC9A3 /* Release */,
			);
			defaultConfigurationIsVisible = 0;
			defaultConfigurationName = Release;
		};
		15A4FAAD2DCDBEFF009DC9A3 /* Build configuration list for PBXNativeTarget "ShopSight" */ = {
			isa = XCConfigurationList;
			buildConfigurations = (
				15A4FAAE2DCDBEFF009DC9A3 /* Debug */,
				15A4FAAF2DCDBEFF009DC9A3 /* Release */,
			);
			defaultConfigurationIsVisible = 0;
			defaultConfigurationName = Release;
		};
		15A4FAB02DCDBEFF009DC9A3 /* Build configuration list for PBXNativeTarget "ShopSightTests" */ = {
			isa = XCConfigurationList;
			buildConfigurations = (
				15A4FAB12DCDBEFF009DC9A3 /* Debug */,
				15A4FAB22DCDBEFF009DC9A3 /* Release */,
			);
			defaultConfigurationIsVisible = 0;
			defaultConfigurationName = Release;
		};
		15A4FAB32DCDBEFF009DC9A3 /* Build configuration list for PBXNativeTarget "ShopSightUITests" */ = {
			isa = XCConfigurationList;
			buildConfigurations = (
				15A4FAB42DCDBEFF009DC9A3 /* Debug */,
				15A4FAB52DCDBEFF009DC9A3 /* Release */,
			);
			defaultConfigurationIsVisible = 0;
			defaultConfigurationName = Release;
		};
/* End XCConfigurationList section */
	};
	rootObject = 15A4FA842DCDBEFD009DC9A3 /* Project object */;
}
